
Microsoft Visual Studio Solution File, Format Version 12.00
# Visual Studio Version 17
VisualStudioVersion = 17.9.34607.119
MinimumVisualStudioVersion = 10.0.40219.1
Project("{FAE04EC0-301F-11D3-BF4B-00C04F79EFBC}") = "MotApp", "MotApp\MotApp.csproj", "{19C935D2-C015-4722-9F93-D9778FE2C8A8}"
EndProject
Global
	GlobalSection(SolutionConfigurationPlatforms) = preSolution
		Debug|Any CPU = Debug|Any CPU
		Release|Any CPU = Release|Any CPU
	EndGlobalSection
	GlobalSection(ProjectConfigurationPlatforms) = postSolution
		{19C935D2-C015-4722-9F93-D9778FE2C8A8}.Debug|Any CPU.ActiveCfg = Debug|Any CPU
		{19C935D2-C015-4722-9F93-D9778FE2C8A8}.Debug|Any CPU.Build.0 = Debug|Any CPU
		{19C935D2-C015-4722-9F93-D9778FE2C8A8}.Release|Any CPU.ActiveCfg = Release|Any CPU
		{19C935D2-C015-4722-9F93-D9778FE2C8A8}.Release|Any CPU.Build.0 = Release|Any CPU
	EndGlobalSection
	GlobalSection(SolutionProperties) = preSolution
		HideSolutionNode = FALSE
	EndGlobalSection
	GlobalSection(ExtensibilityGlobals) = postSolution
		SolutionGuid = {EA877356-75E2-46BD-AE48-703939C6A08E}
	EndGlobalSection
EndGlobal
