
Microsoft Visual Studio Solution File, Format Version 12.00
# Visual Studio Version 17
VisualStudioVersion = 17.9.34607.119
MinimumVisualStudioVersion = 10.0.40219.1
Project("{FAE04EC0-301F-11D3-BF4B-00C04F79EFBC}") = "MOTapp", "MOTapp\MOTapp.csproj", "{2046A00C-BF32-4994-9479-20F9B795E78C}"
EndProject
Global
	GlobalSection(SolutionConfigurationPlatforms) = preSolution
		Debug|Any CPU = Debug|Any CPU
		Release|Any CPU = Release|Any CPU
	EndGlobalSection
	GlobalSection(ProjectConfigurationPlatforms) = postSolution
		{2046A00C-BF32-4994-9479-20F9B795E78C}.Debug|Any CPU.ActiveCfg = Debug|Any CPU
		{2046A00C-BF32-4994-9479-20F9B795E78C}.Debug|Any CPU.Build.0 = Debug|Any CPU
		{2046A00C-BF32-4994-9479-20F9B795E78C}.Release|Any CPU.ActiveCfg = Release|Any CPU
		{2046A00C-BF32-4994-9479-20F9B795E78C}.Release|Any CPU.Build.0 = Release|Any CPU
	EndGlobalSection
	GlobalSection(SolutionProperties) = preSolution
		HideSolutionNode = FALSE
	EndGlobalSection
	GlobalSection(ExtensibilityGlobals) = postSolution
		SolutionGuid = {89E5EFF0-050C-4323-B206-BEAFB0001949}
	EndGlobalSection
EndGlobal
